
Microsoft Visual Studio Solution File, Format Version 12.00
# Visual Studio Version 16
VisualStudioVersion = 16.0.30523.141
MinimumVisualStudioVersion = 10.0.40219.1
Project("{FAE04EC0-301F-11D3-BF4B-00C04F79EFBC}") = "Readmusic", "Readmusic\Readmusic.csproj", "{807AB81A-BE49-4E80-B784-BBF46C6F1A97}"
EndProject
Global
	GlobalSection(SolutionConfigurationPlatforms) = preSolution
		Debug|Any CPU = Debug|Any CPU
		Release|Any CPU = Release|Any CPU
	EndGlobalSection
	GlobalSection(ProjectConfigurationPlatforms) = postSolution
		{807AB81A-BE49-4E80-B784-BBF46C6F1A97}.Debug|Any CPU.ActiveCfg = Debug|Any CPU
		{807AB81A-BE49-4E80-B784-BBF46C6F1A97}.Debug|Any CPU.Build.0 = Debug|Any CPU
		{807AB81A-BE49-4E80-B784-BBF46C6F1A97}.Release|Any CPU.ActiveCfg = Release|Any CPU
		{807AB81A-BE49-4E80-B784-BBF46C6F1A97}.Release|Any CPU.Build.0 = Release|Any CPU
	EndGlobalSection
	GlobalSection(SolutionProperties) = preSolution
		HideSolutionNode = FALSE
	EndGlobalSection
	GlobalSection(ExtensibilityGlobals) = postSolution
		SolutionGuid = {E04D0968-AEA6-4C8C-9243-449A39FEB69F}
	EndGlobalSection
EndGlobal
